
Microsoft Visual Studio Solution File, Format Version 12.00
# Visual Studio Version 17
VisualStudioVersion = 17.12.35506.116
MinimumVisualStudioVersion = 10.0.40219.1
Project("{FAE04EC0-301F-11D3-BF4B-00C04F79EFBC}") = "TopSpeed.Web", "TopSpeed.Web\TopSpeed.Web.csproj", "{C6874DC6-9E4A-4BCF-A663-BAEF852BE3B3}"
EndProject
Project("{FAE04EC0-301F-11D3-BF4B-00C04F79EFBC}") = "TopSpeed.Application", "TopSpeed.Application\TopSpeed.Application.csproj", "{9254BE31-A691-4FB2-90DC-640EC58CC87B}"
EndProject
Project("{FAE04EC0-301F-11D3-BF4B-00C04F79EFBC}") = "TopSpeed.Domain", "TopSpeed.Domain\TopSpeed.Domain.csproj", "{B6001451-F1F4-41FA-9586-46D913E89913}"
EndProject
Project("{FAE04EC0-301F-11D3-BF4B-00C04F79EFBC}") = "TopSpeed.Infrastructure", "TopSpeed.Infrastructure\TopSpeed.Infrastructure.csproj", "{E7B07070-FCDD-45D1-B443-C9E82BF4B958}"
EndProject
Global
	GlobalSection(SolutionConfigurationPlatforms) = preSolution
		Debug|Any CPU = Debug|Any CPU
		Release|Any CPU = Release|Any CPU
	EndGlobalSection
	GlobalSection(ProjectConfigurationPlatforms) = postSolution
		{C6874DC6-9E4A-4BCF-A663-BAEF852BE3B3}.Debug|Any CPU.ActiveCfg = Debug|Any CPU
		{C6874DC6-9E4A-4BCF-A663-BAEF852BE3B3}.Debug|Any CPU.Build.0 = Debug|Any CPU
		{C6874DC6-9E4A-4BCF-A663-BAEF852BE3B3}.Release|Any CPU.ActiveCfg = Release|Any CPU
		{C6874DC6-9E4A-4BCF-A663-BAEF852BE3B3}.Release|Any CPU.Build.0 = Release|Any CPU
		{9254BE31-A691-4FB2-90DC-640EC58CC87B}.Debug|Any CPU.ActiveCfg = Debug|Any CPU
		{9254BE31-A691-4FB2-90DC-640EC58CC87B}.Debug|Any CPU.Build.0 = Debug|Any CPU
		{9254BE31-A691-4FB2-90DC-640EC58CC87B}.Release|Any CPU.ActiveCfg = Release|Any CPU
		{9254BE31-A691-4FB2-90DC-640EC58CC87B}.Release|Any CPU.Build.0 = Release|Any CPU
		{B6001451-F1F4-41FA-9586-46D913E89913}.Debug|Any CPU.ActiveCfg = Debug|Any CPU
		{B6001451-F1F4-41FA-9586-46D913E89913}.Debug|Any CPU.Build.0 = Debug|Any CPU
		{B6001451-F1F4-41FA-9586-46D913E89913}.Release|Any CPU.ActiveCfg = Release|Any CPU
		{B6001451-F1F4-41FA-9586-46D913E89913}.Release|Any CPU.Build.0 = Release|Any CPU
		{E7B07070-FCDD-45D1-B443-C9E82BF4B958}.Debug|Any CPU.ActiveCfg = Debug|Any CPU
		{E7B07070-FCDD-45D1-B443-C9E82BF4B958}.Debug|Any CPU.Build.0 = Debug|Any CPU
		{E7B07070-FCDD-45D1-B443-C9E82BF4B958}.Release|Any CPU.ActiveCfg = Release|Any CPU
		{E7B07070-FCDD-45D1-B443-C9E82BF4B958}.Release|Any CPU.Build.0 = Release|Any CPU
	EndGlobalSection
	GlobalSection(SolutionProperties) = preSolution
		HideSolutionNode = FALSE
	EndGlobalSection
EndGlobal
